// !$*UTF8*$!
{
	archiveVersion = 1;
	classes = {
	};
	objectVersion = 55;
	objects = {

/* Begin PBXBuildFile section */
		35DFB6BBDA57E580584B19C7 /* Pods_TechVirtualMuseumTests.framework in Frameworks */ = {isa = PBXBuildFile; fileRef = D3E7623CBF82780B831E614C /* Pods_TechVirtualMuseumTests.framework */; };
		5502161229366FE700CFC800 /* EventsFirebase.swift in Sources */ = {isa = PBXBuildFile; fileRef = 5502161129366FE700CFC800 /* EventsFirebase.swift */; };
		55152AAF294299560004B754 /* Assets.xcassets in Resources */ = {isa = PBXBuildFile; fileRef = 55152AAE294299560004B754 /* Assets.xcassets */; };
		552802B82945080B00F9600C /* CustomNewCell.swift in Sources */ = {isa = PBXBuildFile; fileRef = 552802B72945080B00F9600C /* CustomNewCell.swift */; };
		552FF0242932E56800BD8FC8 /* FirebaseAuthService.swift in Sources */ = {isa = PBXBuildFile; fileRef = 552FF0232932E56800BD8FC8 /* FirebaseAuthService.swift */; };
		552FF02A2932F89A00BD8FC8 /* LoginViewController.swift in Sources */ = {isa = PBXBuildFile; fileRef = 552FF0292932F89A00BD8FC8 /* LoginViewController.swift */; };
		552FF0362933118300BD8FC8 /* Lato in Resources */ = {isa = PBXBuildFile; fileRef = 552FF0352933118300BD8FC8 /* Lato */; };
		553875C32943B6200097B066 /* TabBarController.swift in Sources */ = {isa = PBXBuildFile; fileRef = 553875C22943B6200097B066 /* TabBarController.swift */; };
		553BCA62291337FA008A2847 /* Preview Assets.xcassets in Resources */ = {isa = PBXBuildFile; fileRef = 553BCA61291337FA008A2847 /* Preview Assets.xcassets */; };
		553BCA6C291337FB008A2847 /* TechVirtualMuseumTests.swift in Sources */ = {isa = PBXBuildFile; fileRef = 553BCA6B291337FB008A2847 /* TechVirtualMuseumTests.swift */; };
		553BCA76291337FB008A2847 /* TechVirtualMuseumUITests.swift in Sources */ = {isa = PBXBuildFile; fileRef = 553BCA75291337FB008A2847 /* TechVirtualMuseumUITests.swift */; };
		553BCA78291337FB008A2847 /* TechVirtualMuseumUITestsLaunchTests.swift in Sources */ = {isa = PBXBuildFile; fileRef = 553BCA77291337FB008A2847 /* TechVirtualMuseumUITestsLaunchTests.swift */; };
		55456DAF2934A91100AF1AFF /* HomeViewController.swift in Sources */ = {isa = PBXBuildFile; fileRef = 55456DAE2934A91100AF1AFF /* HomeViewController.swift */; };
		55456DB12934B48F00AF1AFF /* AccountDataViewController.swift in Sources */ = {isa = PBXBuildFile; fileRef = 55456DB02934B48F00AF1AFF /* AccountDataViewController.swift */; };
		55456DB42935239800AF1AFF /* CarouselImage.swift in Sources */ = {isa = PBXBuildFile; fileRef = 55456DB32935239800AF1AFF /* CarouselImage.swift */; };
		554E2A5929397F40009DCEC0 /* QRScannerView.swift in Sources */ = {isa = PBXBuildFile; fileRef = 554E2A5829397F40009DCEC0 /* QRScannerView.swift */; };
		554E2A6129398BC1009DCEC0 /* SignUpViewController.swift in Sources */ = {isa = PBXBuildFile; fileRef = 554E2A6029398BC1009DCEC0 /* SignUpViewController.swift */; };
		5570A567294B463E00FE0E9E /* SDWebImage in Frameworks */ = {isa = PBXBuildFile; productRef = 5570A566294B463E00FE0E9E /* SDWebImage */; };
		5570A569294B987100FE0E9E /* VideoViewController.swift in Sources */ = {isa = PBXBuildFile; fileRef = 5570A568294B987100FE0E9E /* VideoViewController.swift */; };
		5570A56C294BA68A00FE0E9E /* YouTubeiOSPlayerHelper in Frameworks */ = {isa = PBXBuildFile; productRef = 5570A56B294BA68A00FE0E9E /* YouTubeiOSPlayerHelper */; };
		55946A5829382BA9000178BF /* CodeScanner in Frameworks */ = {isa = PBXBuildFile; productRef = 55946A5729382BA9000178BF /* CodeScanner */; };
		55946A5C29382F60000178BF /* QRScannerViewController.swift in Sources */ = {isa = PBXBuildFile; fileRef = 55946A5B29382F60000178BF /* QRScannerViewController.swift */; };
		55A2DE7729491E0700FC96F7 /* SecondSlidePurchaseViewController.swift in Sources */ = {isa = PBXBuildFile; fileRef = 55A2DE7629491E0700FC96F7 /* SecondSlidePurchaseViewController.swift */; };
		55A2DE792949262D00FC96F7 /* ThirdSlidePurchaseViewController.swift in Sources */ = {isa = PBXBuildFile; fileRef = 55A2DE782949262D00FC96F7 /* ThirdSlidePurchaseViewController.swift */; };
		55A2DE7B294927F100FC96F7 /* PurchaseCompletedViewController.swift in Sources */ = {isa = PBXBuildFile; fileRef = 55A2DE7A294927F100FC96F7 /* PurchaseCompletedViewController.swift */; };
		55A7E263291A78E5002F833D /* Roboto-Medium.ttf in Resources */ = {isa = PBXBuildFile; fileRef = 55A7E256291A78B2002F833D /* Roboto-Medium.ttf */; };
		55A7E264291A78E8002F833D /* Roboto-Light.ttf in Resources */ = {isa = PBXBuildFile; fileRef = 55A7E257291A78B2002F833D /* Roboto-Light.ttf */; };
		55A7E265291A78EA002F833D /* Roboto-Regular.ttf in Resources */ = {isa = PBXBuildFile; fileRef = 55A7E258291A78B2002F833D /* Roboto-Regular.ttf */; };
		55A7E266291A78ED002F833D /* Roboto-MediumItalic.ttf in Resources */ = {isa = PBXBuildFile; fileRef = 55A7E259291A78B2002F833D /* Roboto-MediumItalic.ttf */; };
		55A7E267291A78EF002F833D /* Roboto-ThinItalic.ttf in Resources */ = {isa = PBXBuildFile; fileRef = 55A7E25A291A78B2002F833D /* Roboto-ThinItalic.ttf */; };
		55A7E268291A78F1002F833D /* Roboto-BoldItalic.ttf in Resources */ = {isa = PBXBuildFile; fileRef = 55A7E25B291A78B2002F833D /* Roboto-BoldItalic.ttf */; };
		55A7E269291A78F4002F833D /* Roboto-LightItalic.ttf in Resources */ = {isa = PBXBuildFile; fileRef = 55A7E25C291A78B2002F833D /* Roboto-LightItalic.ttf */; };
		55A7E26A291A78F6002F833D /* Roboto-Italic.ttf in Resources */ = {isa = PBXBuildFile; fileRef = 55A7E25D291A78B2002F833D /* Roboto-Italic.ttf */; };
		55A7E26B291A7902002F833D /* Roboto-BlackItalic.ttf in Resources */ = {isa = PBXBuildFile; fileRef = 55A7E25F291A78B2002F833D /* Roboto-BlackItalic.ttf */; };
		55A7E26C291A7905002F833D /* Roboto-Bold.ttf in Resources */ = {isa = PBXBuildFile; fileRef = 55A7E260291A78B2002F833D /* Roboto-Bold.ttf */; };
		55A7E26D291A7907002F833D /* Roboto-Thin.ttf in Resources */ = {isa = PBXBuildFile; fileRef = 55A7E261291A78B2002F833D /* Roboto-Thin.ttf */; };
		55A7E26E291A790A002F833D /* Roboto-Black.ttf in Resources */ = {isa = PBXBuildFile; fileRef = 55A7E262291A78B2002F833D /* Roboto-Black.ttf */; };
		55AD6910293E2B2500A8620D /* Pods_TechVirtualMuseum.framework in Frameworks */ = {isa = PBXBuildFile; fileRef = 3867CC6DF6DD331552F2EB61 /* Pods_TechVirtualMuseum.framework */; };
		55AD6917293E8EA400A8620D /* CarouselViewController.swift in Sources */ = {isa = PBXBuildFile; fileRef = 55AD6916293E8EA400A8620D /* CarouselViewController.swift */; };
		55AD691B293E901000A8620D /* CarouselView.swift in Sources */ = {isa = PBXBuildFile; fileRef = 55AD691A293E901000A8620D /* CarouselView.swift */; };
		55AD691D293E963200A8620D /* ACarousel in Frameworks */ = {isa = PBXBuildFile; productRef = 55AD691C293E963200A8620D /* ACarousel */; };
		55B0CDED293432D700C7D96B /* TechVirtualMuseumApp.swift in Sources */ = {isa = PBXBuildFile; fileRef = 55B0CDEC293432D700C7D96B /* TechVirtualMuseumApp.swift */; };
		55B0CDEF293445F900C7D96B /* FirestoreService.swift in Sources */ = {isa = PBXBuildFile; fileRef = 55B0CDEE293445F900C7D96B /* FirestoreService.swift */; };
		55BE61262915BD8B007A7B34 /* GoogleService-Info.plist in Resources */ = {isa = PBXBuildFile; fileRef = 55BE61252915BD8B007A7B34 /* GoogleService-Info.plist */; };
		55BE61272915BD8B007A7B34 /* GoogleService-Info.plist in Resources */ = {isa = PBXBuildFile; fileRef = 55BE61252915BD8B007A7B34 /* GoogleService-Info.plist */; };
		55BE61282915BD8B007A7B34 /* GoogleService-Info.plist in Resources */ = {isa = PBXBuildFile; fileRef = 55BE61252915BD8B007A7B34 /* GoogleService-Info.plist */; };
		55BE612B2915C309007A7B34 /* FirebaseAnalytics in Frameworks */ = {isa = PBXBuildFile; productRef = 55BE612A2915C309007A7B34 /* FirebaseAnalytics */; };
		55BE612D2915C309007A7B34 /* FirebaseAuth in Frameworks */ = {isa = PBXBuildFile; productRef = 55BE612C2915C309007A7B34 /* FirebaseAuth */; };
		55BE612F2915C309007A7B34 /* FirebaseDatabase in Frameworks */ = {isa = PBXBuildFile; productRef = 55BE612E2915C309007A7B34 /* FirebaseDatabase */; };
		55BE61312915C309007A7B34 /* FirebaseFirestore in Frameworks */ = {isa = PBXBuildFile; productRef = 55BE61302915C309007A7B34 /* FirebaseFirestore */; };
		55BE61332915C309007A7B34 /* FirebaseStorage in Frameworks */ = {isa = PBXBuildFile; productRef = 55BE61322915C309007A7B34 /* FirebaseStorage */; };
		55C669632913C0CE0054734C /* Launch Screen.storyboard in Resources */ = {isa = PBXBuildFile; fileRef = 55C669622913C0CE0054734C /* Launch Screen.storyboard */; };
		55DB8A2A2936286C00A1C238 /* Event.swift in Sources */ = {isa = PBXBuildFile; fileRef = 55DB8A292936286C00A1C238 /* Event.swift */; };
		55DB8A2D29362AD000A1C238 /* EventViewController.swift in Sources */ = {isa = PBXBuildFile; fileRef = 55DB8A2C29362AD000A1C238 /* EventViewController.swift */; };
		55DD6A1229477205000D3844 /* PurchaseViewController.swift in Sources */ = {isa = PBXBuildFile; fileRef = 55DD6A1129477205000D3844 /* PurchaseViewController.swift */; };
		55DFFCDD294654E6007E4A5A /* EventDetailsViewController.swift in Sources */ = {isa = PBXBuildFile; fileRef = 55DFFCDC294654E6007E4A5A /* EventDetailsViewController.swift */; };
		55DFFCDF2946B253007E4A5A /* ProductDetailsViewController.swift in Sources */ = {isa = PBXBuildFile; fileRef = 55DFFCDE2946B253007E4A5A /* ProductDetailsViewController.swift */; };
		55EA44832919C4070095D8E5 /* Main.storyboard in Resources */ = {isa = PBXBuildFile; fileRef = 55EA44822919C4070095D8E5 /* Main.storyboard */; };
		9FD33421924837899EBC90D3 /* Pods_TechVirtualMuseum_TechVirtualMuseumUITests.framework in Frameworks */ = {isa = PBXBuildFile; fileRef = 3CD3CC9A7D18BD4F206741A4 /* Pods_TechVirtualMuseum_TechVirtualMuseumUITests.framework */; };
/* End PBXBuildFile section */

/* Begin PBXContainerItemProxy section */
		553BCA68291337FB008A2847 /* PBXContainerItemProxy */ = {
			isa = PBXContainerItemProxy;
			containerPortal = 553BCA4F291337F4008A2847 /* Project object */;
			proxyType = 1;
			remoteGlobalIDString = 553BCA56291337F4008A2847;
			remoteInfo = TechVirtualMuseum;
		};
		553BCA72291337FB008A2847 /* PBXContainerItemProxy */ = {
			isa = PBXContainerItemProxy;
			containerPortal = 553BCA4F291337F4008A2847 /* Project object */;
			proxyType = 1;
			remoteGlobalIDString = 553BCA56291337F4008A2847;
			remoteInfo = TechVirtualMuseum;
		};
/* End PBXContainerItemProxy section */

/* Begin PBXFileReference section */
		0818AD0861428A2AD76D119C /* Pods-TechVirtualMuseum-TechVirtualMuseumUITests.release.xcconfig */ = {isa = PBXFileReference; includeInIndex = 1; lastKnownFileType = text.xcconfig; name = "Pods-TechVirtualMuseum-TechVirtualMuseumUITests.release.xcconfig"; path = "Target Support Files/Pods-TechVirtualMuseum-TechVirtualMuseumUITests/Pods-TechVirtualMuseum-TechVirtualMuseumUITests.release.xcconfig"; sourceTree = "<group>"; };
		18F321E6EBD30EA4C2B9F2C1 /* Pods-TechVirtualMuseumTests.release.xcconfig */ = {isa = PBXFileReference; includeInIndex = 1; lastKnownFileType = text.xcconfig; name = "Pods-TechVirtualMuseumTests.release.xcconfig"; path = "Target Support Files/Pods-TechVirtualMuseumTests/Pods-TechVirtualMuseumTests.release.xcconfig"; sourceTree = "<group>"; };
		3867CC6DF6DD331552F2EB61 /* Pods_TechVirtualMuseum.framework */ = {isa = PBXFileReference; explicitFileType = wrapper.framework; includeInIndex = 0; path = Pods_TechVirtualMuseum.framework; sourceTree = BUILT_PRODUCTS_DIR; };
		3CD3CC9A7D18BD4F206741A4 /* Pods_TechVirtualMuseum_TechVirtualMuseumUITests.framework */ = {isa = PBXFileReference; explicitFileType = wrapper.framework; includeInIndex = 0; path = Pods_TechVirtualMuseum_TechVirtualMuseumUITests.framework; sourceTree = BUILT_PRODUCTS_DIR; };
		4C5BE0C937F0844BE65A5736 /* Pods-TechVirtualMuseum.release.xcconfig */ = {isa = PBXFileReference; includeInIndex = 1; lastKnownFileType = text.xcconfig; name = "Pods-TechVirtualMuseum.release.xcconfig"; path = "Target Support Files/Pods-TechVirtualMuseum/Pods-TechVirtualMuseum.release.xcconfig"; sourceTree = "<group>"; };
		5502161129366FE700CFC800 /* EventsFirebase.swift */ = {isa = PBXFileReference; lastKnownFileType = sourcecode.swift; path = EventsFirebase.swift; sourceTree = "<group>"; };
		55152AAE294299560004B754 /* Assets.xcassets */ = {isa = PBXFileReference; lastKnownFileType = folder.assetcatalog; path = Assets.xcassets; sourceTree = "<group>"; };
		552802B72945080B00F9600C /* CustomNewCell.swift */ = {isa = PBXFileReference; lastKnownFileType = sourcecode.swift; path = CustomNewCell.swift; sourceTree = "<group>"; };
		552FF0232932E56800BD8FC8 /* FirebaseAuthService.swift */ = {isa = PBXFileReference; lastKnownFileType = sourcecode.swift; path = FirebaseAuthService.swift; sourceTree = "<group>"; };
		552FF0292932F89A00BD8FC8 /* LoginViewController.swift */ = {isa = PBXFileReference; lastKnownFileType = sourcecode.swift; path = LoginViewController.swift; sourceTree = "<group>"; };
		552FF0352933118300BD8FC8 /* Lato */ = {isa = PBXFileReference; lastKnownFileType = folder; path = Lato; sourceTree = "<group>"; };
		5535D020293324BA00E64C2B /* TechVirtualMuseum.entitlements */ = {isa = PBXFileReference; lastKnownFileType = text.plist.entitlements; path = TechVirtualMuseum.entitlements; sourceTree = "<group>"; };
		553875C22943B6200097B066 /* TabBarController.swift */ = {isa = PBXFileReference; lastKnownFileType = sourcecode.swift; path = TabBarController.swift; sourceTree = "<group>"; };
		553BCA57291337F4008A2847 /* TechVirtualMuseum.app */ = {isa = PBXFileReference; explicitFileType = wrapper.application; includeInIndex = 0; path = TechVirtualMuseum.app; sourceTree = BUILT_PRODUCTS_DIR; };
		553BCA61291337FA008A2847 /* Preview Assets.xcassets */ = {isa = PBXFileReference; lastKnownFileType = folder.assetcatalog; path = "Preview Assets.xcassets"; sourceTree = "<group>"; };
		553BCA67291337FB008A2847 /* TechVirtualMuseumTests.xctest */ = {isa = PBXFileReference; explicitFileType = wrapper.cfbundle; includeInIndex = 0; path = TechVirtualMuseumTests.xctest; sourceTree = BUILT_PRODUCTS_DIR; };
		553BCA6B291337FB008A2847 /* TechVirtualMuseumTests.swift */ = {isa = PBXFileReference; lastKnownFileType = sourcecode.swift; path = TechVirtualMuseumTests.swift; sourceTree = "<group>"; };
		553BCA71291337FB008A2847 /* TechVirtualMuseumUITests.xctest */ = {isa = PBXFileReference; explicitFileType = wrapper.cfbundle; includeInIndex = 0; path = TechVirtualMuseumUITests.xctest; sourceTree = BUILT_PRODUCTS_DIR; };
		553BCA75291337FB008A2847 /* TechVirtualMuseumUITests.swift */ = {isa = PBXFileReference; lastKnownFileType = sourcecode.swift; path = TechVirtualMuseumUITests.swift; sourceTree = "<group>"; };
		553BCA77291337FB008A2847 /* TechVirtualMuseumUITestsLaunchTests.swift */ = {isa = PBXFileReference; lastKnownFileType = sourcecode.swift; path = TechVirtualMuseumUITestsLaunchTests.swift; sourceTree = "<group>"; };
		55456DAE2934A91100AF1AFF /* HomeViewController.swift */ = {isa = PBXFileReference; lastKnownFileType = sourcecode.swift; path = HomeViewController.swift; sourceTree = "<group>"; };
		55456DB02934B48F00AF1AFF /* AccountDataViewController.swift */ = {isa = PBXFileReference; lastKnownFileType = sourcecode.swift; path = AccountDataViewController.swift; sourceTree = "<group>"; };
		55456DB32935239800AF1AFF /* CarouselImage.swift */ = {isa = PBXFileReference; lastKnownFileType = sourcecode.swift; path = CarouselImage.swift; sourceTree = "<group>"; };
		554E2A5829397F40009DCEC0 /* QRScannerView.swift */ = {isa = PBXFileReference; lastKnownFileType = sourcecode.swift; path = QRScannerView.swift; sourceTree = "<group>"; };
		554E2A6029398BC1009DCEC0 /* SignUpViewController.swift */ = {isa = PBXFileReference; lastKnownFileType = sourcecode.swift; path = SignUpViewController.swift; sourceTree = "<group>"; };
		5567EE84293194690061C988 /* Info.plist */ = {isa = PBXFileReference; lastKnownFileType = text.plist.xml; path = Info.plist; sourceTree = "<group>"; };
		5569AA9D7FC0138DEFCA134A /* Pods-TechVirtualMuseum-TechVirtualMuseumUITests.debug.xcconfig */ = {isa = PBXFileReference; includeInIndex = 1; lastKnownFileType = text.xcconfig; name = "Pods-TechVirtualMuseum-TechVirtualMuseumUITests.debug.xcconfig"; path = "Target Support Files/Pods-TechVirtualMuseum-TechVirtualMuseumUITests/Pods-TechVirtualMuseum-TechVirtualMuseumUITests.debug.xcconfig"; sourceTree = "<group>"; };
		5570A568294B987100FE0E9E /* VideoViewController.swift */ = {isa = PBXFileReference; lastKnownFileType = sourcecode.swift; path = VideoViewController.swift; sourceTree = "<group>"; };
		55946A5B29382F60000178BF /* QRScannerViewController.swift */ = {isa = PBXFileReference; lastKnownFileType = sourcecode.swift; path = QRScannerViewController.swift; sourceTree = "<group>"; };
		55A2DE7629491E0700FC96F7 /* SecondSlidePurchaseViewController.swift */ = {isa = PBXFileReference; lastKnownFileType = sourcecode.swift; path = SecondSlidePurchaseViewController.swift; sourceTree = "<group>"; };
		55A2DE782949262D00FC96F7 /* ThirdSlidePurchaseViewController.swift */ = {isa = PBXFileReference; lastKnownFileType = sourcecode.swift; path = ThirdSlidePurchaseViewController.swift; sourceTree = "<group>"; };
		55A2DE7A294927F100FC96F7 /* PurchaseCompletedViewController.swift */ = {isa = PBXFileReference; lastKnownFileType = sourcecode.swift; path = PurchaseCompletedViewController.swift; sourceTree = "<group>"; };
		55A7E256291A78B2002F833D /* Roboto-Medium.ttf */ = {isa = PBXFileReference; lastKnownFileType = file; path = "Roboto-Medium.ttf"; sourceTree = "<group>"; };
		55A7E257291A78B2002F833D /* Roboto-Light.ttf */ = {isa = PBXFileReference; lastKnownFileType = file; path = "Roboto-Light.ttf"; sourceTree = "<group>"; };
		55A7E258291A78B2002F833D /* Roboto-Regular.ttf */ = {isa = PBXFileReference; lastKnownFileType = file; path = "Roboto-Regular.ttf"; sourceTree = "<group>"; };
		55A7E259291A78B2002F833D /* Roboto-MediumItalic.ttf */ = {isa = PBXFileReference; lastKnownFileType = file; path = "Roboto-MediumItalic.ttf"; sourceTree = "<group>"; };
		55A7E25A291A78B2002F833D /* Roboto-ThinItalic.ttf */ = {isa = PBXFileReference; lastKnownFileType = file; path = "Roboto-ThinItalic.ttf"; sourceTree = "<group>"; };
		55A7E25B291A78B2002F833D /* Roboto-BoldItalic.ttf */ = {isa = PBXFileReference; lastKnownFileType = file; path = "Roboto-BoldItalic.ttf"; sourceTree = "<group>"; };
		55A7E25C291A78B2002F833D /* Roboto-LightItalic.ttf */ = {isa = PBXFileReference; lastKnownFileType = file; path = "Roboto-LightItalic.ttf"; sourceTree = "<group>"; };
		55A7E25D291A78B2002F833D /* Roboto-Italic.ttf */ = {isa = PBXFileReference; lastKnownFileType = file; path = "Roboto-Italic.ttf"; sourceTree = "<group>"; };
		55A7E25F291A78B2002F833D /* Roboto-BlackItalic.ttf */ = {isa = PBXFileReference; lastKnownFileType = file; path = "Roboto-BlackItalic.ttf"; sourceTree = "<group>"; };
		55A7E260291A78B2002F833D /* Roboto-Bold.ttf */ = {isa = PBXFileReference; lastKnownFileType = file; path = "Roboto-Bold.ttf"; sourceTree = "<group>"; };
		55A7E261291A78B2002F833D /* Roboto-Thin.ttf */ = {isa = PBXFileReference; lastKnownFileType = file; path = "Roboto-Thin.ttf"; sourceTree = "<group>"; };
		55A7E262291A78B2002F833D /* Roboto-Black.ttf */ = {isa = PBXFileReference; lastKnownFileType = file; path = "Roboto-Black.ttf"; sourceTree = "<group>"; };
		55AD6916293E8EA400A8620D /* CarouselViewController.swift */ = {isa = PBXFileReference; lastKnownFileType = sourcecode.swift; path = CarouselViewController.swift; sourceTree = "<group>"; };
		55AD691A293E901000A8620D /* CarouselView.swift */ = {isa = PBXFileReference; lastKnownFileType = sourcecode.swift; path = CarouselView.swift; sourceTree = "<group>"; };
		55B0CDEC293432D700C7D96B /* TechVirtualMuseumApp.swift */ = {isa = PBXFileReference; lastKnownFileType = sourcecode.swift; lineEnding = 0; path = TechVirtualMuseumApp.swift; sourceTree = "<group>"; };
		55B0CDEE293445F900C7D96B /* FirestoreService.swift */ = {isa = PBXFileReference; lastKnownFileType = sourcecode.swift; path = FirestoreService.swift; sourceTree = "<group>"; };
		55BE61252915BD8B007A7B34 /* GoogleService-Info.plist */ = {isa = PBXFileReference; fileEncoding = 4; lastKnownFileType = text.plist.xml; name = "GoogleService-Info.plist"; path = "../../../Downloads/GoogleService-Info.plist"; sourceTree = "<group>"; };
		55C669622913C0CE0054734C /* Launch Screen.storyboard */ = {isa = PBXFileReference; lastKnownFileType = file.storyboard; path = "Launch Screen.storyboard"; sourceTree = "<group>"; };
		55DB8A292936286C00A1C238 /* Event.swift */ = {isa = PBXFileReference; lastKnownFileType = sourcecode.swift; path = Event.swift; sourceTree = "<group>"; };
		55DB8A2C29362AD000A1C238 /* EventViewController.swift */ = {isa = PBXFileReference; lastKnownFileType = sourcecode.swift; path = EventViewController.swift; sourceTree = "<group>"; };
		55DD6A1129477205000D3844 /* PurchaseViewController.swift */ = {isa = PBXFileReference; lastKnownFileType = sourcecode.swift; path = PurchaseViewController.swift; sourceTree = "<group>"; };
		55DFFCDC294654E6007E4A5A /* EventDetailsViewController.swift */ = {isa = PBXFileReference; lastKnownFileType = sourcecode.swift; path = EventDetailsViewController.swift; sourceTree = "<group>"; };
		55DFFCDE2946B253007E4A5A /* ProductDetailsViewController.swift */ = {isa = PBXFileReference; lastKnownFileType = sourcecode.swift; path = ProductDetailsViewController.swift; sourceTree = "<group>"; };
		55EA44822919C4070095D8E5 /* Main.storyboard */ = {isa = PBXFileReference; lastKnownFileType = file.storyboard; path = Main.storyboard; sourceTree = "<group>"; };
		92E24D224894A806FE7B3861 /* Pods-TechVirtualMuseumTests.debug.xcconfig */ = {isa = PBXFileReference; includeInIndex = 1; lastKnownFileType = text.xcconfig; name = "Pods-TechVirtualMuseumTests.debug.xcconfig"; path = "Target Support Files/Pods-TechVirtualMuseumTests/Pods-TechVirtualMuseumTests.debug.xcconfig"; sourceTree = "<group>"; };
		D3E7623CBF82780B831E614C /* Pods_TechVirtualMuseumTests.framework */ = {isa = PBXFileReference; explicitFileType = wrapper.framework; includeInIndex = 0; path = Pods_TechVirtualMuseumTests.framework; sourceTree = BUILT_PRODUCTS_DIR; };
		FFE49A1BACF16364206B3C09 /* Pods-TechVirtualMuseum.debug.xcconfig */ = {isa = PBXFileReference; includeInIndex = 1; lastKnownFileType = text.xcconfig; name = "Pods-TechVirtualMuseum.debug.xcconfig"; path = "Target Support Files/Pods-TechVirtualMuseum/Pods-TechVirtualMuseum.debug.xcconfig"; sourceTree = "<group>"; };
/* End PBXFileReference section */

/* Begin PBXFrameworksBuildPhase section */
		553BCA54291337F4008A2847 /* Frameworks */ = {
			isa = PBXFrameworksBuildPhase;
			buildActionMask = 2147483647;
			files = (
				55AD691D293E963200A8620D /* ACarousel in Frameworks */,
				55BE612F2915C309007A7B34 /* FirebaseDatabase in Frameworks */,
				55BE61312915C309007A7B34 /* FirebaseFirestore in Frameworks */,
				55AD6910293E2B2500A8620D /* Pods_TechVirtualMuseum.framework in Frameworks */,
				55BE612B2915C309007A7B34 /* FirebaseAnalytics in Frameworks */,
				55BE61332915C309007A7B34 /* FirebaseStorage in Frameworks */,
				5570A567294B463E00FE0E9E /* SDWebImage in Frameworks */,
				55BE612D2915C309007A7B34 /* FirebaseAuth in Frameworks */,
				55946A5829382BA9000178BF /* CodeScanner in Frameworks */,
				5570A56C294BA68A00FE0E9E /* YouTubeiOSPlayerHelper in Frameworks */,
			);
			runOnlyForDeploymentPostprocessing = 0;
		};
		553BCA64291337FB008A2847 /* Frameworks */ = {
			isa = PBXFrameworksBuildPhase;
			buildActionMask = 2147483647;
			files = (
				35DFB6BBDA57E580584B19C7 /* Pods_TechVirtualMuseumTests.framework in Frameworks */,
			);
			runOnlyForDeploymentPostprocessing = 0;
		};
		553BCA6E291337FB008A2847 /* Frameworks */ = {
			isa = PBXFrameworksBuildPhase;
			buildActionMask = 2147483647;
			files = (
				9FD33421924837899EBC90D3 /* Pods_TechVirtualMuseum_TechVirtualMuseumUITests.framework in Frameworks */,
			);
			runOnlyForDeploymentPostprocessing = 0;
		};
/* End PBXFrameworksBuildPhase section */

/* Begin PBXGroup section */
		552FF01B2932D55D00BD8FC8 /* View */ = {
			isa = PBXGroup;
			children = (
				554E2A5829397F40009DCEC0 /* QRScannerView.swift */,
				55AD691A293E901000A8620D /* CarouselView.swift */,
			);
			path = View;
			sourceTree = "<group>";
		};
		552FF01E2932E51D00BD8FC8 /* Services */ = {
			isa = PBXGroup;
			children = (
				552FF0232932E56800BD8FC8 /* FirebaseAuthService.swift */,
				55B0CDEE293445F900C7D96B /* FirestoreService.swift */,
			);
			path = Services;
			sourceTree = "<group>";
		};
		552FF0282932F86A00BD8FC8 /* Controller */ = {
			isa = PBXGroup;
			children = (
				552FF0292932F89A00BD8FC8 /* LoginViewController.swift */,
				55456DAE2934A91100AF1AFF /* HomeViewController.swift */,
				55456DB02934B48F00AF1AFF /* AccountDataViewController.swift */,
				55DB8A2C29362AD000A1C238 /* EventViewController.swift */,
				55946A5B29382F60000178BF /* QRScannerViewController.swift */,
				554E2A6029398BC1009DCEC0 /* SignUpViewController.swift */,
				55AD6916293E8EA400A8620D /* CarouselViewController.swift */,
				553875C22943B6200097B066 /* TabBarController.swift */,
				55DFFCDC294654E6007E4A5A /* EventDetailsViewController.swift */,
				55DFFCDE2946B253007E4A5A /* ProductDetailsViewController.swift */,
				55DD6A1129477205000D3844 /* PurchaseViewController.swift */,
				55A2DE7629491E0700FC96F7 /* SecondSlidePurchaseViewController.swift */,
				55A2DE782949262D00FC96F7 /* ThirdSlidePurchaseViewController.swift */,
				55A2DE7A294927F100FC96F7 /* PurchaseCompletedViewController.swift */,
				5570A568294B987100FE0E9E /* VideoViewController.swift */,
			);
			path = Controller;
			sourceTree = "<group>";
		};
		553BCA4E291337F4008A2847 = {
			isa = PBXGroup;
			children = (
				55A7E254291A78A7002F833D /* fonts */,
				553BCA59291337F4008A2847 /* TechVirtualMuseum */,
				553BCA6A291337FB008A2847 /* TechVirtualMuseumTests */,
				553BCA74291337FB008A2847 /* TechVirtualMuseumUITests */,
				553BCA58291337F4008A2847 /* Products */,
				9D6752FB183F6D93754406BF /* Pods */,
				ADA53001CB84F0C697A5E5CC /* Frameworks */,
			);
			sourceTree = "<group>";
		};
		553BCA58291337F4008A2847 /* Products */ = {
			isa = PBXGroup;
			children = (
				553BCA57291337F4008A2847 /* TechVirtualMuseum.app */,
				553BCA67291337FB008A2847 /* TechVirtualMuseumTests.xctest */,
				553BCA71291337FB008A2847 /* TechVirtualMuseumUITests.xctest */,
			);
			name = Products;
			sourceTree = "<group>";
		};
		553BCA59291337F4008A2847 /* TechVirtualMuseum */ = {
			isa = PBXGroup;
			children = (
				55456DB229351FED00AF1AFF /* Model */,
				5535D020293324BA00E64C2B /* TechVirtualMuseum.entitlements */,
				552FF0282932F86A00BD8FC8 /* Controller */,
				552FF01E2932E51D00BD8FC8 /* Services */,
				552FF01B2932D55D00BD8FC8 /* View */,
				55EA44822919C4070095D8E5 /* Main.storyboard */,
				55152AAE294299560004B754 /* Assets.xcassets */,
				55BE61252915BD8B007A7B34 /* GoogleService-Info.plist */,
				55B0CDEC293432D700C7D96B /* TechVirtualMuseumApp.swift */,
				553BCA60291337FA008A2847 /* Preview Content */,
				55C669622913C0CE0054734C /* Launch Screen.storyboard */,
				5567EE84293194690061C988 /* Info.plist */,
			);
			path = TechVirtualMuseum;
			sourceTree = "<group>";
		};
		553BCA60291337FA008A2847 /* Preview Content */ = {
			isa = PBXGroup;
			children = (
				553BCA61291337FA008A2847 /* Preview Assets.xcassets */,
			);
			path = "Preview Content";
			sourceTree = "<group>";
		};
		553BCA6A291337FB008A2847 /* TechVirtualMuseumTests */ = {
			isa = PBXGroup;
			children = (
				553BCA6B291337FB008A2847 /* TechVirtualMuseumTests.swift */,
			);
			path = TechVirtualMuseumTests;
			sourceTree = "<group>";
		};
		553BCA74291337FB008A2847 /* TechVirtualMuseumUITests */ = {
			isa = PBXGroup;
			children = (
				553BCA75291337FB008A2847 /* TechVirtualMuseumUITests.swift */,
				553BCA77291337FB008A2847 /* TechVirtualMuseumUITestsLaunchTests.swift */,
			);
			path = TechVirtualMuseumUITests;
			sourceTree = "<group>";
		};
		55456DB229351FED00AF1AFF /* Model */ = {
			isa = PBXGroup;
			children = (
				55456DB32935239800AF1AFF /* CarouselImage.swift */,
				55DB8A292936286C00A1C238 /* Event.swift */,
				5502161129366FE700CFC800 /* EventsFirebase.swift */,
				552802B72945080B00F9600C /* CustomNewCell.swift */,
			);
			path = Model;
			sourceTree = "<group>";
		};
		55A7E254291A78A7002F833D /* fonts */ = {
			isa = PBXGroup;
			children = (
				552FF0352933118300BD8FC8 /* Lato */,
				55A7E255291A78B2002F833D /* Roboto */,
			);
			path = fonts;
			sourceTree = "<group>";
		};
		55A7E255291A78B2002F833D /* Roboto */ = {
			isa = PBXGroup;
			children = (
				55A7E256291A78B2002F833D /* Roboto-Medium.ttf */,
				55A7E257291A78B2002F833D /* Roboto-Light.ttf */,
				55A7E258291A78B2002F833D /* Roboto-Regular.ttf */,
				55A7E259291A78B2002F833D /* Roboto-MediumItalic.ttf */,
				55A7E25A291A78B2002F833D /* Roboto-ThinItalic.ttf */,
				55A7E25B291A78B2002F833D /* Roboto-BoldItalic.ttf */,
				55A7E25C291A78B2002F833D /* Roboto-LightItalic.ttf */,
				55A7E25D291A78B2002F833D /* Roboto-Italic.ttf */,
				55A7E25F291A78B2002F833D /* Roboto-BlackItalic.ttf */,
				55A7E260291A78B2002F833D /* Roboto-Bold.ttf */,
				55A7E261291A78B2002F833D /* Roboto-Thin.ttf */,
				55A7E262291A78B2002F833D /* Roboto-Black.ttf */,
			);
			path = Roboto;
			sourceTree = "<group>";
		};
		9D6752FB183F6D93754406BF /* Pods */ = {
			isa = PBXGroup;
			children = (
				FFE49A1BACF16364206B3C09 /* Pods-TechVirtualMuseum.debug.xcconfig */,
				4C5BE0C937F0844BE65A5736 /* Pods-TechVirtualMuseum.release.xcconfig */,
				5569AA9D7FC0138DEFCA134A /* Pods-TechVirtualMuseum-TechVirtualMuseumUITests.debug.xcconfig */,
				0818AD0861428A2AD76D119C /* Pods-TechVirtualMuseum-TechVirtualMuseumUITests.release.xcconfig */,
				92E24D224894A806FE7B3861 /* Pods-TechVirtualMuseumTests.debug.xcconfig */,
				18F321E6EBD30EA4C2B9F2C1 /* Pods-TechVirtualMuseumTests.release.xcconfig */,
			);
			path = Pods;
			sourceTree = "<group>";
		};
		ADA53001CB84F0C697A5E5CC /* Frameworks */ = {
			isa = PBXGroup;
			children = (
				3867CC6DF6DD331552F2EB61 /* Pods_TechVirtualMuseum.framework */,
				3CD3CC9A7D18BD4F206741A4 /* Pods_TechVirtualMuseum_TechVirtualMuseumUITests.framework */,
				D3E7623CBF82780B831E614C /* Pods_TechVirtualMuseumTests.framework */,
			);
			name = Frameworks;
			sourceTree = "<group>";
		};
/* End PBXGroup section */

/* Begin PBXNativeTarget section */
		553BCA56291337F4008A2847 /* TechVirtualMuseum */ = {
			isa = PBXNativeTarget;
			buildConfigurationList = 553BCA7B291337FB008A2847 /* Build configuration list for PBXNativeTarget "TechVirtualMuseum" */;
			buildPhases = (
				7E8C70322136F91B74DB68F1 /* [CP] Check Pods Manifest.lock */,
				553BCA53291337F4008A2847 /* Sources */,
				553BCA54291337F4008A2847 /* Frameworks */,
				553BCA55291337F4008A2847 /* Resources */,
				DAF92DC02B1A065E13DB6FD2 /* [CP] Embed Pods Frameworks */,
			);
			buildRules = (
			);
			dependencies = (
			);
			name = TechVirtualMuseum;
			packageProductDependencies = (
				55BE612A2915C309007A7B34 /* FirebaseAnalytics */,
				55BE612C2915C309007A7B34 /* FirebaseAuth */,
				55BE612E2915C309007A7B34 /* FirebaseDatabase */,
				55BE61302915C309007A7B34 /* FirebaseFirestore */,
				55BE61322915C309007A7B34 /* FirebaseStorage */,
				55946A5729382BA9000178BF /* CodeScanner */,
				55AD691C293E963200A8620D /* ACarousel */,
				5570A566294B463E00FE0E9E /* SDWebImage */,
				5570A56B294BA68A00FE0E9E /* YouTubeiOSPlayerHelper */,
			);
			productName = TechVirtualMuseum;
			productReference = 553BCA57291337F4008A2847 /* TechVirtualMuseum.app */;
			productType = "com.apple.product-type.application";
		};
		553BCA66291337FB008A2847 /* TechVirtualMuseumTests */ = {
			isa = PBXNativeTarget;
			buildConfigurationList = 553BCA7E291337FB008A2847 /* Build configuration list for PBXNativeTarget "TechVirtualMuseumTests" */;
			buildPhases = (
				60F173B03C8473AAAAFB6B07 /* [CP] Check Pods Manifest.lock */,
				553BCA63291337FB008A2847 /* Sources */,
				553BCA64291337FB008A2847 /* Frameworks */,
				553BCA65291337FB008A2847 /* Resources */,
			);
			buildRules = (
			);
			dependencies = (
				553BCA69291337FB008A2847 /* PBXTargetDependency */,
			);
			name = TechVirtualMuseumTests;
			productName = TechVirtualMuseumTests;
			productReference = 553BCA67291337FB008A2847 /* TechVirtualMuseumTests.xctest */;
			productType = "com.apple.product-type.bundle.unit-test";
		};
		553BCA70291337FB008A2847 /* TechVirtualMuseumUITests */ = {
			isa = PBXNativeTarget;
			buildConfigurationList = 553BCA81291337FB008A2847 /* Build configuration list for PBXNativeTarget "TechVirtualMuseumUITests" */;
			buildPhases = (
				DC45581F9410B9F7B9364D31 /* [CP] Check Pods Manifest.lock */,
				553BCA6D291337FB008A2847 /* Sources */,
				553BCA6E291337FB008A2847 /* Frameworks */,
				553BCA6F291337FB008A2847 /* Resources */,
				1267EDF3FCEC7A55DCC56157 /* [CP] Embed Pods Frameworks */,
			);
			buildRules = (
			);
			dependencies = (
				553BCA73291337FB008A2847 /* PBXTargetDependency */,
			);
			name = TechVirtualMuseumUITests;
			productName = TechVirtualMuseumUITests;
			productReference = 553BCA71291337FB008A2847 /* TechVirtualMuseumUITests.xctest */;
			productType = "com.apple.product-type.bundle.ui-testing";
		};
/* End PBXNativeTarget section */

/* Begin PBXProject section */
		553BCA4F291337F4008A2847 /* Project object */ = {
			isa = PBXProject;
			attributes = {
				BuildIndependentTargetsInParallel = 1;
				LastSwiftUpdateCheck = 1340;
				LastUpgradeCheck = 1340;
				TargetAttributes = {
					553BCA56291337F4008A2847 = {
						CreatedOnToolsVersion = 13.4.1;
					};
					553BCA66291337FB008A2847 = {
						CreatedOnToolsVersion = 13.4.1;
						TestTargetID = 553BCA56291337F4008A2847;
					};
					553BCA70291337FB008A2847 = {
						CreatedOnToolsVersion = 13.4.1;
						TestTargetID = 553BCA56291337F4008A2847;
					};
				};
			};
			buildConfigurationList = 553BCA52291337F4008A2847 /* Build configuration list for PBXProject "TechVirtualMuseum" */;
			compatibilityVersion = "Xcode 13.0";
			developmentRegion = en;
			hasScannedForEncodings = 0;
			knownRegions = (
				en,
				Base,
			);
			mainGroup = 553BCA4E291337F4008A2847;
			packageReferences = (
				55BE61292915C309007A7B34 /* XCRemoteSwiftPackageReference "firebase-ios-sdk" */,
				55946A5629382BA9000178BF /* XCRemoteSwiftPackageReference "CodeScanner" */,
				55AD6913293E31F700A8620D /* XCRemoteSwiftPackageReference "ACarousel" */,
				5570A565294B463E00FE0E9E /* XCRemoteSwiftPackageReference "SDWebImage" */,
				5570A56A294BA68A00FE0E9E /* XCRemoteSwiftPackageReference "youtube-ios-player-helper" */,
			);
			productRefGroup = 553BCA58291337F4008A2847 /* Products */;
			projectDirPath = "";
			projectRoot = "";
			targets = (
				553BCA56291337F4008A2847 /* TechVirtualMuseum */,
				553BCA66291337FB008A2847 /* TechVirtualMuseumTests */,
				553BCA70291337FB008A2847 /* TechVirtualMuseumUITests */,
			);
		};
/* End PBXProject section */

/* Begin PBXResourcesBuildPhase section */
		553BCA55291337F4008A2847 /* Resources */ = {
			isa = PBXResourcesBuildPhase;
			buildActionMask = 2147483647;
			files = (
				55A7E26D291A7907002F833D /* Roboto-Thin.ttf in Resources */,
				55A7E267291A78EF002F833D /* Roboto-ThinItalic.ttf in Resources */,
				552FF0362933118300BD8FC8 /* Lato in Resources */,
				55A7E268291A78F1002F833D /* Roboto-BoldItalic.ttf in Resources */,
				55A7E26C291A7905002F833D /* Roboto-Bold.ttf in Resources */,
				55A7E269291A78F4002F833D /* Roboto-LightItalic.ttf in Resources */,
				55A7E26E291A790A002F833D /* Roboto-Black.ttf in Resources */,
				55A7E26B291A7902002F833D /* Roboto-BlackItalic.ttf in Resources */,
				55C669632913C0CE0054734C /* Launch Screen.storyboard in Resources */,
				55EA44832919C4070095D8E5 /* Main.storyboard in Resources */,
				55A7E26A291A78F6002F833D /* Roboto-Italic.ttf in Resources */,
				55A7E265291A78EA002F833D /* Roboto-Regular.ttf in Resources */,
				55A7E263291A78E5002F833D /* Roboto-Medium.ttf in Resources */,
				55BE61262915BD8B007A7B34 /* GoogleService-Info.plist in Resources */,
				55A7E264291A78E8002F833D /* Roboto-Light.ttf in Resources */,
				553BCA62291337FA008A2847 /* Preview Assets.xcassets in Resources */,
				55152AAF294299560004B754 /* Assets.xcassets in Resources */,
				55A7E266291A78ED002F833D /* Roboto-MediumItalic.ttf in Resources */,
			);
			runOnlyForDeploymentPostprocessing = 0;
		};
		553BCA65291337FB008A2847 /* Resources */ = {
			isa = PBXResourcesBuildPhase;
			buildActionMask = 2147483647;
			files = (
				55BE61272915BD8B007A7B34 /* GoogleService-Info.plist in Resources */,
			);
			runOnlyForDeploymentPostprocessing = 0;
		};
		553BCA6F291337FB008A2847 /* Resources */ = {
			isa = PBXResourcesBuildPhase;
			buildActionMask = 2147483647;
			files = (
				55BE61282915BD8B007A7B34 /* GoogleService-Info.plist in Resources */,
			);
			runOnlyForDeploymentPostprocessing = 0;
		};
/* End PBXResourcesBuildPhase section */

/* Begin PBXShellScriptBuildPhase section */
		1267EDF3FCEC7A55DCC56157 /* [CP] Embed Pods Frameworks */ = {
			isa = PBXShellScriptBuildPhase;
			buildActionMask = 2147483647;
			files = (
			);
			inputFileListPaths = (
				"${PODS_ROOT}/Target Support Files/Pods-TechVirtualMuseum-TechVirtualMuseumUITests/Pods-TechVirtualMuseum-TechVirtualMuseumUITests-frameworks-${CONFIGURATION}-input-files.xcfilelist",
			);
			name = "[CP] Embed Pods Frameworks";
			outputFileListPaths = (
				"${PODS_ROOT}/Target Support Files/Pods-TechVirtualMuseum-TechVirtualMuseumUITests/Pods-TechVirtualMuseum-TechVirtualMuseumUITests-frameworks-${CONFIGURATION}-output-files.xcfilelist",
			);
			runOnlyForDeploymentPostprocessing = 0;
			shellPath = /bin/sh;
			shellScript = "\"${PODS_ROOT}/Target Support Files/Pods-TechVirtualMuseum-TechVirtualMuseumUITests/Pods-TechVirtualMuseum-TechVirtualMuseumUITests-frameworks.sh\"\n";
			showEnvVarsInLog = 0;
		};
		60F173B03C8473AAAAFB6B07 /* [CP] Check Pods Manifest.lock */ = {
			isa = PBXShellScriptBuildPhase;
			buildActionMask = 2147483647;
			files = (
			);
			inputFileListPaths = (
			);
			inputPaths = (
				"${PODS_PODFILE_DIR_PATH}/Podfile.lock",
				"${PODS_ROOT}/Manifest.lock",
			);
			name = "[CP] Check Pods Manifest.lock";
			outputFileListPaths = (
			);
			outputPaths = (
				"$(DERIVED_FILE_DIR)/Pods-TechVirtualMuseumTests-checkManifestLockResult.txt",
			);
			runOnlyForDeploymentPostprocessing = 0;
			shellPath = /bin/sh;
			shellScript = "diff \"${PODS_PODFILE_DIR_PATH}/Podfile.lock\" \"${PODS_ROOT}/Manifest.lock\" > /dev/null\nif [ $? != 0 ] ; then\n    # print error to STDERR\n    echo \"error: The sandbox is not in sync with the Podfile.lock. Run 'pod install' or update your CocoaPods installation.\" >&2\n    exit 1\nfi\n# This output is used by Xcode 'outputs' to avoid re-running this script phase.\necho \"SUCCESS\" > \"${SCRIPT_OUTPUT_FILE_0}\"\n";
			showEnvVarsInLog = 0;
		};
		7E8C70322136F91B74DB68F1 /* [CP] Check Pods Manifest.lock */ = {
			isa = PBXShellScriptBuildPhase;
			buildActionMask = 2147483647;
			files = (
			);
			inputFileListPaths = (
			);
			inputPaths = (
				"${PODS_PODFILE_DIR_PATH}/Podfile.lock",
				"${PODS_ROOT}/Manifest.lock",
			);
			name = "[CP] Check Pods Manifest.lock";
			outputFileListPaths = (
			);
			outputPaths = (
				"$(DERIVED_FILE_DIR)/Pods-TechVirtualMuseum-checkManifestLockResult.txt",
			);
			runOnlyForDeploymentPostprocessing = 0;
			shellPath = /bin/sh;
			shellScript = "diff \"${PODS_PODFILE_DIR_PATH}/Podfile.lock\" \"${PODS_ROOT}/Manifest.lock\" > /dev/null\nif [ $? != 0 ] ; then\n    # print error to STDERR\n    echo \"error: The sandbox is not in sync with the Podfile.lock. Run 'pod install' or update your CocoaPods installation.\" >&2\n    exit 1\nfi\n# This output is used by Xcode 'outputs' to avoid re-running this script phase.\necho \"SUCCESS\" > \"${SCRIPT_OUTPUT_FILE_0}\"\n";
			showEnvVarsInLog = 0;
		};
		DAF92DC02B1A065E13DB6FD2 /* [CP] Embed Pods Frameworks */ = {
			isa = PBXShellScriptBuildPhase;
			buildActionMask = 2147483647;
			files = (
			);
			inputFileListPaths = (
				"${PODS_ROOT}/Target Support Files/Pods-TechVirtualMuseum/Pods-TechVirtualMuseum-frameworks-${CONFIGURATION}-input-files.xcfilelist",
			);
			name = "[CP] Embed Pods Frameworks";
			outputFileListPaths = (
				"${PODS_ROOT}/Target Support Files/Pods-TechVirtualMuseum/Pods-TechVirtualMuseum-frameworks-${CONFIGURATION}-output-files.xcfilelist",
			);
			runOnlyForDeploymentPostprocessing = 0;
			shellPath = /bin/sh;
			shellScript = "\"${PODS_ROOT}/Target Support Files/Pods-TechVirtualMuseum/Pods-TechVirtualMuseum-frameworks.sh\"\n";
			showEnvVarsInLog = 0;
		};
		DC45581F9410B9F7B9364D31 /* [CP] Check Pods Manifest.lock */ = {
			isa = PBXShellScriptBuildPhase;
			buildActionMask = 2147483647;
			files = (
			);
			inputFileListPaths = (
			);
			inputPaths = (
				"${PODS_PODFILE_DIR_PATH}/Podfile.lock",
				"${PODS_ROOT}/Manifest.lock",
			);
			name = "[CP] Check Pods Manifest.lock";
			outputFileListPaths = (
			);
			outputPaths = (
				"$(DERIVED_FILE_DIR)/Pods-TechVirtualMuseum-TechVirtualMuseumUITests-checkManifestLockResult.txt",
			);
			runOnlyForDeploymentPostprocessing = 0;
			shellPath = /bin/sh;
			shellScript = "diff \"${PODS_PODFILE_DIR_PATH}/Podfile.lock\" \"${PODS_ROOT}/Manifest.lock\" > /dev/null\nif [ $? != 0 ] ; then\n    # print error to STDERR\n    echo \"error: The sandbox is not in sync with the Podfile.lock. Run 'pod install' or update your CocoaPods installation.\" >&2\n    exit 1\nfi\n# This output is used by Xcode 'outputs' to avoid re-running this script phase.\necho \"SUCCESS\" > \"${SCRIPT_OUTPUT_FILE_0}\"\n";
			showEnvVarsInLog = 0;
		};
/* End PBXShellScriptBuildPhase section */

/* Begin PBXSourcesBuildPhase section */
		553BCA53291337F4008A2847 /* Sources */ = {
			isa = PBXSourcesBuildPhase;
			buildActionMask = 2147483647;
			files = (
				55456DB12934B48F00AF1AFF /* AccountDataViewController.swift in Sources */,
				553875C32943B6200097B066 /* TabBarController.swift in Sources */,
				5570A569294B987100FE0E9E /* VideoViewController.swift in Sources */,
				55DB8A2D29362AD000A1C238 /* EventViewController.swift in Sources */,
				55DB8A2A2936286C00A1C238 /* Event.swift in Sources */,
				552FF02A2932F89A00BD8FC8 /* LoginViewController.swift in Sources */,
				55A2DE7729491E0700FC96F7 /* SecondSlidePurchaseViewController.swift in Sources */,
				55DD6A1229477205000D3844 /* PurchaseViewController.swift in Sources */,
				55DFFCDF2946B253007E4A5A /* ProductDetailsViewController.swift in Sources */,
				55B0CDED293432D700C7D96B /* TechVirtualMuseumApp.swift in Sources */,
				55DFFCDD294654E6007E4A5A /* EventDetailsViewController.swift in Sources */,
				5502161229366FE700CFC800 /* EventsFirebase.swift in Sources */,
				552FF0242932E56800BD8FC8 /* FirebaseAuthService.swift in Sources */,
				55456DB42935239800AF1AFF /* CarouselImage.swift in Sources */,
				55AD6917293E8EA400A8620D /* CarouselViewController.swift in Sources */,
				55A2DE7B294927F100FC96F7 /* PurchaseCompletedViewController.swift in Sources */,
				554E2A5929397F40009DCEC0 /* QRScannerView.swift in Sources */,
				55AD691B293E901000A8620D /* CarouselView.swift in Sources */,
				55946A5C29382F60000178BF /* QRScannerViewController.swift in Sources */,
				55456DAF2934A91100AF1AFF /* HomeViewController.swift in Sources */,
				552802B82945080B00F9600C /* CustomNewCell.swift in Sources */,
				554E2A6129398BC1009DCEC0 /* SignUpViewController.swift in Sources */,
				55B0CDEF293445F900C7D96B /* FirestoreService.swift in Sources */,
				55A2DE792949262D00FC96F7 /* ThirdSlidePurchaseViewController.swift in Sources */,
			);
			runOnlyForDeploymentPostprocessing = 0;
		};
		553BCA63291337FB008A2847 /* Sources */ = {
			isa = PBXSourcesBuildPhase;
			buildActionMask = 2147483647;
			files = (
				553BCA6C291337FB008A2847 /* TechVirtualMuseumTests.swift in Sources */,
			);
			runOnlyForDeploymentPostprocessing = 0;
		};
		553BCA6D291337FB008A2847 /* Sources */ = {
			isa = PBXSourcesBuildPhase;
			buildActionMask = 2147483647;
			files = (
				553BCA78291337FB008A2847 /* TechVirtualMuseumUITestsLaunchTests.swift in Sources */,
				553BCA76291337FB008A2847 /* TechVirtualMuseumUITests.swift in Sources */,
			);
			runOnlyForDeploymentPostprocessing = 0;
		};
/* End PBXSourcesBuildPhase section */

/* Begin PBXTargetDependency section */
		553BCA69291337FB008A2847 /* PBXTargetDependency */ = {
			isa = PBXTargetDependency;
			target = 553BCA56291337F4008A2847 /* TechVirtualMuseum */;
			targetProxy = 553BCA68291337FB008A2847 /* PBXContainerItemProxy */;
		};
		553BCA73291337FB008A2847 /* PBXTargetDependency */ = {
			isa = PBXTargetDependency;
			target = 553BCA56291337F4008A2847 /* TechVirtualMuseum */;
			targetProxy = 553BCA72291337FB008A2847 /* PBXContainerItemProxy */;
		};
/* End PBXTargetDependency section */

/* Begin XCBuildConfiguration section */
		553BCA79291337FB008A2847 /* Debug */ = {
			isa = XCBuildConfiguration;
			buildSettings = {
				ALWAYS_SEARCH_USER_PATHS = NO;
				CLANG_ANALYZER_NONNULL = YES;
				CLANG_ANALYZER_NUMBER_OBJECT_CONVERSION = YES_AGGRESSIVE;
				CLANG_CXX_LANGUAGE_STANDARD = "gnu++17";
				CLANG_ENABLE_MODULES = YES;
				CLANG_ENABLE_OBJC_ARC = YES;
				CLANG_ENABLE_OBJC_WEAK = YES;
				CLANG_WARN_BLOCK_CAPTURE_AUTORELEASING = YES;
				CLANG_WARN_BOOL_CONVERSION = YES;
				CLANG_WARN_COMMA = YES;
				CLANG_WARN_CONSTANT_CONVERSION = YES;
				CLANG_WARN_DEPRECATED_OBJC_IMPLEMENTATIONS = YES;
				CLANG_WARN_DIRECT_OBJC_ISA_USAGE = YES_ERROR;
				CLANG_WARN_DOCUMENTATION_COMMENTS = YES;
				CLANG_WARN_EMPTY_BODY = YES;
				CLANG_WARN_ENUM_CONVERSION = YES;
				CLANG_WARN_INFINITE_RECURSION = YES;
				CLANG_WARN_INT_CONVERSION = YES;
				CLANG_WARN_NON_LITERAL_NULL_CONVERSION = YES;
				CLANG_WARN_OBJC_IMPLICIT_RETAIN_SELF = YES;
				CLANG_WARN_OBJC_LITERAL_CONVERSION = YES;
				CLANG_WARN_OBJC_ROOT_CLASS = YES_ERROR;
				CLANG_WARN_QUOTED_INCLUDE_IN_FRAMEWORK_HEADER = YES;
				CLANG_WARN_RANGE_LOOP_ANALYSIS = YES;
				CLANG_WARN_STRICT_PROTOTYPES = YES;
				CLANG_WARN_SUSPICIOUS_MOVE = YES;
				CLANG_WARN_UNGUARDED_AVAILABILITY = YES_AGGRESSIVE;
				CLANG_WARN_UNREACHABLE_CODE = YES;
				CLANG_WARN__DUPLICATE_METHOD_MATCH = YES;
				COPY_PHASE_STRIP = NO;
				DEBUG_INFORMATION_FORMAT = dwarf;
				ENABLE_STRICT_OBJC_MSGSEND = YES;
				ENABLE_TESTABILITY = YES;
				GCC_C_LANGUAGE_STANDARD = gnu11;
				GCC_DYNAMIC_NO_PIC = NO;
				GCC_NO_COMMON_BLOCKS = YES;
				GCC_OPTIMIZATION_LEVEL = 0;
				GCC_PREPROCESSOR_DEFINITIONS = (
					"DEBUG=1",
					"$(inherited)",
				);
				GCC_WARN_64_TO_32_BIT_CONVERSION = YES;
				GCC_WARN_ABOUT_RETURN_TYPE = YES_ERROR;
				GCC_WARN_UNDECLARED_SELECTOR = YES;
				GCC_WARN_UNINITIALIZED_AUTOS = YES_AGGRESSIVE;
				GCC_WARN_UNUSED_FUNCTION = YES;
				GCC_WARN_UNUSED_VARIABLE = YES;
				IPHONEOS_DEPLOYMENT_TARGET = 15.0;
				MTL_ENABLE_DEBUG_INFO = INCLUDE_SOURCE;
				MTL_FAST_MATH = YES;
				ONLY_ACTIVE_ARCH = YES;
				SDKROOT = iphoneos;
				SWIFT_ACTIVE_COMPILATION_CONDITIONS = DEBUG;
				SWIFT_OPTIMIZATION_LEVEL = "-Onone";
			};
			name = Debug;
		};
		553BCA7A291337FB008A2847 /* Release */ = {
			isa = XCBuildConfiguration;
			buildSettings = {
				ALWAYS_SEARCH_USER_PATHS = NO;
				CLANG_ANALYZER_NONNULL = YES;
				CLANG_ANALYZER_NUMBER_OBJECT_CONVERSION = YES_AGGRESSIVE;
				CLANG_CXX_LANGUAGE_STANDARD = "gnu++17";
				CLANG_ENABLE_MODULES = YES;
				CLANG_ENABLE_OBJC_ARC = YES;
				CLANG_ENABLE_OBJC_WEAK = YES;
				CLANG_WARN_BLOCK_CAPTURE_AUTORELEASING = YES;
				CLANG_WARN_BOOL_CONVERSION = YES;
				CLANG_WARN_COMMA = YES;
				CLANG_WARN_CONSTANT_CONVERSION = YES;
				CLANG_WARN_DEPRECATED_OBJC_IMPLEMENTATIONS = YES;
				CLANG_WARN_DIRECT_OBJC_ISA_USAGE = YES_ERROR;
				CLANG_WARN_DOCUMENTATION_COMMENTS = YES;
				CLANG_WARN_EMPTY_BODY = YES;
				CLANG_WARN_ENUM_CONVERSION = YES;
				CLANG_WARN_INFINITE_RECURSION = YES;
				CLANG_WARN_INT_CONVERSION = YES;
				CLANG_WARN_NON_LITERAL_NULL_CONVERSION = YES;
				CLANG_WARN_OBJC_IMPLICIT_RETAIN_SELF = YES;
				CLANG_WARN_OBJC_LITERAL_CONVERSION = YES;
				CLANG_WARN_OBJC_ROOT_CLASS = YES_ERROR;
				CLANG_WARN_QUOTED_INCLUDE_IN_FRAMEWORK_HEADER = YES;
				CLANG_WARN_RANGE_LOOP_ANALYSIS = YES;
				CLANG_WARN_STRICT_PROTOTYPES = YES;
				CLANG_WARN_SUSPICIOUS_MOVE = YES;
				CLANG_WARN_UNGUARDED_AVAILABILITY = YES_AGGRESSIVE;
				CLANG_WARN_UNREACHABLE_CODE = YES;
				CLANG_WARN__DUPLICATE_METHOD_MATCH = YES;
				COPY_PHASE_STRIP = NO;
				DEBUG_INFORMATION_FORMAT = "dwarf-with-dsym";
				ENABLE_NS_ASSERTIONS = NO;
				ENABLE_STRICT_OBJC_MSGSEND = YES;
				GCC_C_LANGUAGE_STANDARD = gnu11;
				GCC_NO_COMMON_BLOCKS = YES;
				GCC_WARN_64_TO_32_BIT_CONVERSION = YES;
				GCC_WARN_ABOUT_RETURN_TYPE = YES_ERROR;
				GCC_WARN_UNDECLARED_SELECTOR = YES;
				GCC_WARN_UNINITIALIZED_AUTOS = YES_AGGRESSIVE;
				GCC_WARN_UNUSED_FUNCTION = YES;
				GCC_WARN_UNUSED_VARIABLE = YES;
				IPHONEOS_DEPLOYMENT_TARGET = 15.0;
				MTL_ENABLE_DEBUG_INFO = NO;
				MTL_FAST_MATH = YES;
				SDKROOT = iphoneos;
				SWIFT_COMPILATION_MODE = wholemodule;
				SWIFT_OPTIMIZATION_LEVEL = "-O";
				VALIDATE_PRODUCT = YES;
			};
			name = Release;
		};
		553BCA7C291337FB008A2847 /* Debug */ = {
			isa = XCBuildConfiguration;
			baseConfigurationReference = FFE49A1BACF16364206B3C09 /* Pods-TechVirtualMuseum.debug.xcconfig */;
			buildSettings = {
				ASSETCATALOG_COMPILER_APPICON_NAME = AppIcon;
				ASSETCATALOG_COMPILER_GLOBAL_ACCENT_COLOR_NAME = AccentColor;
				CODE_SIGN_ENTITLEMENTS = TechVirtualMuseum/TechVirtualMuseum.entitlements;
				CODE_SIGN_STYLE = Automatic;
				CURRENT_PROJECT_VERSION = 1;
				DEVELOPMENT_ASSET_PATHS = "\"TechVirtualMuseum/Preview Content\"";
				DEVELOPMENT_TEAM = PSM6442X9V;
				ENABLE_PREVIEWS = YES;
				GENERATE_INFOPLIST_FILE = YES;
				INFOPLIST_FILE = TechVirtualMuseum/Info.plist;
				INFOPLIST_KEY_NSAppleMusicUsageDescription = "We need access to your library";
				INFOPLIST_KEY_NSCameraUsageDescription = "We need access to your camera to scan QR codes!";
				INFOPLIST_KEY_UIApplicationSupportsIndirectInputEvents = YES;
				INFOPLIST_KEY_UILaunchStoryboardName = "Launch Screen.storyboard";
				INFOPLIST_KEY_UIMainStoryboardFile = Main;
				INFOPLIST_KEY_UIRequiresFullScreen = NO;
				INFOPLIST_KEY_UIStatusBarStyle = "";
				INFOPLIST_KEY_UISupportedInterfaceOrientations = UIInterfaceOrientationPortrait;
				IPHONEOS_DEPLOYMENT_TARGET = 15.0;
				LD_RUNPATH_SEARCH_PATHS = (
					"$(inherited)",
					"@executable_path/Frameworks",
				);
				MARKETING_VERSION = 1.0;
				PRODUCT_BUNDLE_IDENTIFIER = pamn.TechVirtualMuseum;
				PRODUCT_NAME = "$(TARGET_NAME)";
				SWIFT_EMIT_LOC_STRINGS = YES;
				SWIFT_VERSION = 5.0;
				TARGETED_DEVICE_FAMILY = "1,2";
			};
			name = Debug;
		};
		553BCA7D291337FB008A2847 /* Release */ = {
			isa = XCBuildConfiguration;
			baseConfigurationReference = 4C5BE0C937F0844BE65A5736 /* Pods-TechVirtualMuseum.release.xcconfig */;
			buildSettings = {
				ASSETCATALOG_COMPILER_APPICON_NAME = AppIcon;
				ASSETCATALOG_COMPILER_GLOBAL_ACCENT_COLOR_NAME = AccentColor;
				CODE_SIGN_ENTITLEMENTS = TechVirtualMuseum/TechVirtualMuseum.entitlements;
				CODE_SIGN_STYLE = Automatic;
				CURRENT_PROJECT_VERSION = 1;
				DEVELOPMENT_ASSET_PATHS = "\"TechVirtualMuseum/Preview Content\"";
				DEVELOPMENT_TEAM = PSM6442X9V;
				ENABLE_PREVIEWS = YES;
				GENERATE_INFOPLIST_FILE = YES;
				INFOPLIST_FILE = TechVirtualMuseum/Info.plist;
				INFOPLIST_KEY_NSAppleMusicUsageDescription = "We need access to your library";
				INFOPLIST_KEY_NSCameraUsageDescription = "We need access to your camera to scan QR codes!";
				INFOPLIST_KEY_UIApplicationSupportsIndirectInputEvents = YES;
				INFOPLIST_KEY_UILaunchStoryboardName = "Launch Screen.storyboard";
				INFOPLIST_KEY_UIMainStoryboardFile = Main;
				INFOPLIST_KEY_UIRequiresFullScreen = NO;
				INFOPLIST_KEY_UIStatusBarStyle = "";
				INFOPLIST_KEY_UISupportedInterfaceOrientations = UIInterfaceOrientationPortrait;
				IPHONEOS_DEPLOYMENT_TARGET = 15.0;
				LD_RUNPATH_SEARCH_PATHS = (
					"$(inherited)",
					"@executable_path/Frameworks",
				);
				MARKETING_VERSION = 1.0;
				PRODUCT_BUNDLE_IDENTIFIER = pamn.TechVirtualMuseum;
				PRODUCT_NAME = "$(TARGET_NAME)";
				SWIFT_EMIT_LOC_STRINGS = YES;
				SWIFT_VERSION = 5.0;
				TARGETED_DEVICE_FAMILY = "1,2";
			};
			name = Release;
		};
		553BCA7F291337FB008A2847 /* Debug */ = {
			isa = XCBuildConfiguration;
			baseConfigurationReference = 92E24D224894A806FE7B3861 /* Pods-TechVirtualMuseumTests.debug.xcconfig */;
			buildSettings = {
				ALWAYS_EMBED_SWIFT_STANDARD_LIBRARIES = YES;
				BUNDLE_LOADER = "$(TEST_HOST)";
				CODE_SIGN_STYLE = Automatic;
				CURRENT_PROJECT_VERSION = 1;
				DEVELOPMENT_TEAM = PSM6442X9V;
				GENERATE_INFOPLIST_FILE = YES;
				IPHONEOS_DEPLOYMENT_TARGET = 15.5;
				MARKETING_VERSION = 1.0;
				PRODUCT_BUNDLE_IDENTIFIER = pamn.TechVirtualMuseumTests;
				PRODUCT_NAME = "$(TARGET_NAME)";
				SWIFT_EMIT_LOC_STRINGS = NO;
				SWIFT_VERSION = 5.0;
				TARGETED_DEVICE_FAMILY = "1,2";
				TEST_HOST = "$(BUILT_PRODUCTS_DIR)/TechVirtualMuseum.app/TechVirtualMuseum";
			};
			name = Debug;
		};
		553BCA80291337FB008A2847 /* Release */ = {
			isa = XCBuildConfiguration;
			baseConfigurationReference = 18F321E6EBD30EA4C2B9F2C1 /* Pods-TechVirtualMuseumTests.release.xcconfig */;
			buildSettings = {
				ALWAYS_EMBED_SWIFT_STANDARD_LIBRARIES = YES;
				BUNDLE_LOADER = "$(TEST_HOST)";
				CODE_SIGN_STYLE = Automatic;
				CURRENT_PROJECT_VERSION = 1;
				DEVELOPMENT_TEAM = PSM6442X9V;
				GENERATE_INFOPLIST_FILE = YES;
				IPHONEOS_DEPLOYMENT_TARGET = 15.5;
				MARKETING_VERSION = 1.0;
				PRODUCT_BUNDLE_IDENTIFIER = pamn.TechVirtualMuseumTests;
				PRODUCT_NAME = "$(TARGET_NAME)";
				SWIFT_EMIT_LOC_STRINGS = NO;
				SWIFT_VERSION = 5.0;
				TARGETED_DEVICE_FAMILY = "1,2";
				TEST_HOST = "$(BUILT_PRODUCTS_DIR)/TechVirtualMuseum.app/TechVirtualMuseum";
			};
			name = Release;
		};
		553BCA82291337FB008A2847 /* Debug */ = {
			isa = XCBuildConfiguration;
			baseConfigurationReference = 5569AA9D7FC0138DEFCA134A /* Pods-TechVirtualMuseum-TechVirtualMuseumUITests.debug.xcconfig */;
			buildSettings = {
				ALWAYS_EMBED_SWIFT_STANDARD_LIBRARIES = YES;
				CODE_SIGN_STYLE = Automatic;
				CURRENT_PROJECT_VERSION = 1;
				DEVELOPMENT_TEAM = PSM6442X9V;
				GENERATE_INFOPLIST_FILE = YES;
				MARKETING_VERSION = 1.0;
				PRODUCT_BUNDLE_IDENTIFIER = pamn.TechVirtualMuseumUITests;
				PRODUCT_NAME = "$(TARGET_NAME)";
				SWIFT_EMIT_LOC_STRINGS = NO;
				SWIFT_VERSION = 5.0;
				TARGETED_DEVICE_FAMILY = "1,2";
				TEST_TARGET_NAME = TechVirtualMuseum;
			};
			name = Debug;
		};
		553BCA83291337FB008A2847 /* Release */ = {
			isa = XCBuildConfiguration;
			baseConfigurationReference = 0818AD0861428A2AD76D119C /* Pods-TechVirtualMuseum-TechVirtualMuseumUITests.release.xcconfig */;
			buildSettings = {
				ALWAYS_EMBED_SWIFT_STANDARD_LIBRARIES = YES;
				CODE_SIGN_STYLE = Automatic;
				CURRENT_PROJECT_VERSION = 1;
				DEVELOPMENT_TEAM = PSM6442X9V;
				GENERATE_INFOPLIST_FILE = YES;
				MARKETING_VERSION = 1.0;
				PRODUCT_BUNDLE_IDENTIFIER = pamn.TechVirtualMuseumUITests;
				PRODUCT_NAME = "$(TARGET_NAME)";
				SWIFT_EMIT_LOC_STRINGS = NO;
				SWIFT_VERSION = 5.0;
				TARGETED_DEVICE_FAMILY = "1,2";
				TEST_TARGET_NAME = TechVirtualMuseum;
			};
			name = Release;
		};
/* End XCBuildConfiguration section */

/* Begin XCConfigurationList section */
		553BCA52291337F4008A2847 /* Build configuration list for PBXProject "TechVirtualMuseum" */ = {
			isa = XCConfigurationList;
			buildConfigurations = (
				553BCA79291337FB008A2847 /* Debug */,
				553BCA7A291337FB008A2847 /* Release */,
			);
			defaultConfigurationIsVisible = 0;
			defaultConfigurationName = Release;
		};
		553BCA7B291337FB008A2847 /* Build configuration list for PBXNativeTarget "TechVirtualMuseum" */ = {
			isa = XCConfigurationList;
			buildConfigurations = (
				553BCA7C291337FB008A2847 /* Debug */,
				553BCA7D291337FB008A2847 /* Release */,
			);
			defaultConfigurationIsVisible = 0;
			defaultConfigurationName = Release;
		};
		553BCA7E291337FB008A2847 /* Build configuration list for PBXNativeTarget "TechVirtualMuseumTests" */ = {
			isa = XCConfigurationList;
			buildConfigurations = (
				553BCA7F291337FB008A2847 /* Debug */,
				553BCA80291337FB008A2847 /* Release */,
			);
			defaultConfigurationIsVisible = 0;
			defaultConfigurationName = Release;
		};
		553BCA81291337FB008A2847 /* Build configuration list for PBXNativeTarget "TechVirtualMuseumUITests" */ = {
			isa = XCConfigurationList;
			buildConfigurations = (
				553BCA82291337FB008A2847 /* Debug */,
				553BCA83291337FB008A2847 /* Release */,
			);
			defaultConfigurationIsVisible = 0;
			defaultConfigurationName = Release;
		};
/* End XCConfigurationList section */

/* Begin XCRemoteSwiftPackageReference section */
		5570A565294B463E00FE0E9E /* XCRemoteSwiftPackageReference "SDWebImage" */ = {
			isa = XCRemoteSwiftPackageReference;
			repositoryURL = "https://github.com/SDWebImage/SDWebImage";
			requirement = {
				kind = upToNextMajorVersion;
				minimumVersion = 5.0.0;
			};
		};
		5570A56A294BA68A00FE0E9E /* XCRemoteSwiftPackageReference "youtube-ios-player-helper" */ = {
			isa = XCRemoteSwiftPackageReference;
			repositoryURL = "https://github.com/youtube/youtube-ios-player-helper.git";
			requirement = {
				kind = upToNextMajorVersion;
				minimumVersion = 1.0.0;
			};
		};
		55946A5629382BA9000178BF /* XCRemoteSwiftPackageReference "CodeScanner" */ = {
			isa = XCRemoteSwiftPackageReference;
			repositoryURL = "https://github.com/twostraws/CodeScanner";
			requirement = {
				kind = upToNextMajorVersion;
				minimumVersion = 2.0.0;
			};
		};
		55AD6913293E31F700A8620D /* XCRemoteSwiftPackageReference "ACarousel" */ = {
			isa = XCRemoteSwiftPackageReference;
			repositoryURL = "https://github.com/JWAutumn/ACarousel";
			requirement = {
				kind = upToNextMajorVersion;
				minimumVersion = 0.2.0;
			};
		};
		55BE61292915C309007A7B34 /* XCRemoteSwiftPackageReference "firebase-ios-sdk" */ = {
			isa = XCRemoteSwiftPackageReference;
			repositoryURL = "https://github.com/firebase/firebase-ios-sdk";
			requirement = {
				kind = upToNextMajorVersion;
				minimumVersion = 9.0.0;
			};
		};
/* End XCRemoteSwiftPackageReference section */

/* Begin XCSwiftPackageProductDependency section */
		5570A566294B463E00FE0E9E /* SDWebImage */ = {
			isa = XCSwiftPackageProductDependency;
			package = 5570A565294B463E00FE0E9E /* XCRemoteSwiftPackageReference "SDWebImage" */;
			productName = SDWebImage;
		};
		5570A56B294BA68A00FE0E9E /* YouTubeiOSPlayerHelper */ = {
			isa = XCSwiftPackageProductDependency;
			package = 5570A56A294BA68A00FE0E9E /* XCRemoteSwiftPackageReference "youtube-ios-player-helper" */;
			productName = YouTubeiOSPlayerHelper;
		};
		55946A5729382BA9000178BF /* CodeScanner */ = {
			isa = XCSwiftPackageProductDependency;
			package = 55946A5629382BA9000178BF /* XCRemoteSwiftPackageReference "CodeScanner" */;
			productName = CodeScanner;
		};
		55AD691C293E963200A8620D /* ACarousel */ = {
			isa = XCSwiftPackageProductDependency;
			package = 55AD6913293E31F700A8620D /* XCRemoteSwiftPackageReference "ACarousel" */;
			productName = ACarousel;
		};
		55BE612A2915C309007A7B34 /* FirebaseAnalytics */ = {
			isa = XCSwiftPackageProductDependency;
			package = 55BE61292915C309007A7B34 /* XCRemoteSwiftPackageReference "firebase-ios-sdk" */;
			productName = FirebaseAnalytics;
		};
		55BE612C2915C309007A7B34 /* FirebaseAuth */ = {
			isa = XCSwiftPackageProductDependency;
			package = 55BE61292915C309007A7B34 /* XCRemoteSwiftPackageReference "firebase-ios-sdk" */;
			productName = FirebaseAuth;
		};
		55BE612E2915C309007A7B34 /* FirebaseDatabase */ = {
			isa = XCSwiftPackageProductDependency;
			package = 55BE61292915C309007A7B34 /* XCRemoteSwiftPackageReference "firebase-ios-sdk" */;
			productName = FirebaseDatabase;
		};
		55BE61302915C309007A7B34 /* FirebaseFirestore */ = {
			isa = XCSwiftPackageProductDependency;
			package = 55BE61292915C309007A7B34 /* XCRemoteSwiftPackageReference "firebase-ios-sdk" */;
			productName = FirebaseFirestore;
		};
		55BE61322915C309007A7B34 /* FirebaseStorage */ = {
			isa = XCSwiftPackageProductDependency;
			package = 55BE61292915C309007A7B34 /* XCRemoteSwiftPackageReference "firebase-ios-sdk" */;
			productName = FirebaseStorage;
		};
/* End XCSwiftPackageProductDependency section */
	};
	rootObject = 553BCA4F291337F4008A2847 /* Project object */;
}
